// !$*UTF8*$!
{
	archiveVersion = 1;
	classes = {
	};
	objectVersion = 46;
	objects = {

/* Begin PBXBuildFile section */
		49912E0617A41BA0001199FB /* main.cpp in Sources */ = {isa = PBXBuildFile; fileRef = 49912E0517A41BA0001199FB /* main.cpp */; };
		49912E0817A41BA0001199FB /* tests.1 in CopyFiles */ = {isa = PBXBuildFile; fileRef = 49912E0717A41BA0001199FB /* tests.1 */; };
		49B05F5217A5584900011335 /* libanax.a in Frameworks */ = {isa = PBXBuildFile; fileRef = 49B05F5117A5584900011335 /* libanax.a */; };
/* End PBXBuildFile section */

/* Begin PBXCopyFilesBuildPhase section */
		49912E0017A41BA0001199FB /* CopyFiles */ = {
			isa = PBXCopyFilesBuildPhase;
			buildActionMask = 2147483647;
			dstPath = /usr/share/man/man1/;
			dstSubfolderSpec = 0;
			files = (
				49912E0817A41BA0001199FB /* tests.1 in CopyFiles */,
			);
			runOnlyForDeploymentPostprocessing = 1;
		};
/* End PBXCopyFilesBuildPhase section */

/* Begin PBXFileReference section */
		49912E0217A41BA0001199FB /* tests */ = {isa = PBXFileReference; explicitFileType = "compiled.mach-o.executable"; includeInIndex = 0; path = tests; sourceTree = BUILT_PRODUCTS_DIR; };
		49912E0517A41BA0001199FB /* main.cpp */ = {isa = PBXFileReference; lastKnownFileType = sourcecode.cpp.cpp; path = main.cpp; sourceTree = "<group>"; };
		49912E0717A41BA0001199FB /* tests.1 */ = {isa = PBXFileReference; lastKnownFileType = text.man; path = tests.1; sourceTree = "<group>"; };
		49B05F5117A5584900011335 /* libanax.a */ = {isa = PBXFileReference; lastKnownFileType = archive.ar; name = libanax.a; path = "../../../../../../../Library/Developer/Xcode/DerivedData/anax-dpvrmszqammhlagtlwtyorcxsqqf/Build/Products/Debug/libanax.a"; sourceTree = "<group>"; };
/* End PBXFileReference section */

/* Begin PBXFrameworksBuildPhase section */
		49912DFF17A41BA0001199FB /* Frameworks */ = {
			isa = PBXFrameworksBuildPhase;
			buildActionMask = 2147483647;
			files = (
				49B05F5217A5584900011335 /* libanax.a in Frameworks */,
			);
			runOnlyForDeploymentPostprocessing = 0;
		};
/* End PBXFrameworksBuildPhase section */

/* Begin PBXGroup section */
		49912DF917A41BA0001199FB = {
			isa = PBXGroup;
			children = (
				49B05F5117A5584900011335 /* libanax.a */,
				49912E0417A41BA0001199FB /* tests */,
				49912E0317A41BA0001199FB /* Products */,
			);
			sourceTree = "<group>";
		};
		49912E0317A41BA0001199FB /* Products */ = {
			isa = PBXGroup;
			children = (
				49912E0217A41BA0001199FB /* tests */,
			);
			name = Products;
			sourceTree = "<group>";
		};
		49912E0417A41BA0001199FB /* tests */ = {
			isa = PBXGroup;
			children = (
				49912E0517A41BA0001199FB /* main.cpp */,
				49912E0717A41BA0001199FB /* tests.1 */,
			);
			path = tests;
			sourceTree = "<group>";
		};
/* End PBXGroup section */

/* Begin PBXNativeTarget section */
		49912E0117A41BA0001199FB /* tests */ = {
			isa = PBXNativeTarget;
			buildConfigurationList = 49912E0B17A41BA0001199FB /* Build configuration list for PBXNativeTarget "tests" */;
			buildPhases = (
				49912DFE17A41BA0001199FB /* Sources */,
				49912DFF17A41BA0001199FB /* Frameworks */,
				49912E0017A41BA0001199FB /* CopyFiles */,
			);
			buildRules = (
			);
			dependencies = (
			);
			name = tests;
			productName = tests;
			productReference = 49912E0217A41BA0001199FB /* tests */;
			productType = "com.apple.product-type.tool";
		};
/* End PBXNativeTarget section */

/* Begin PBXProject section */
		49912DFA17A41BA0001199FB /* Project object */ = {
			isa = PBXProject;
			attributes = {
				LastUpgradeCheck = 0460;
				ORGANIZATIONNAME = "Anax Creations";
			};
			buildConfigurationList = 49912DFD17A41BA0001199FB /* Build configuration list for PBXProject "tests" */;
			compatibilityVersion = "Xcode 3.2";
			developmentRegion = English;
			hasScannedForEncodings = 0;
			knownRegions = (
				en,
			);
			mainGroup = 49912DF917A41BA0001199FB;
			productRefGroup = 49912E0317A41BA0001199FB /* Products */;
			projectDirPath = "";
			projectRoot = "";
			targets = (
				49912E0117A41BA0001199FB /* tests */,
			);
		};
/* End PBXProject section */

/* Begin PBXSourcesBuildPhase section */
		49912DFE17A41BA0001199FB /* Sources */ = {
			isa = PBXSourcesBuildPhase;
			buildActionMask = 2147483647;
			files = (
				49912E0617A41BA0001199FB /* main.cpp in Sources */,
			);
			runOnlyForDeploymentPostprocessing = 0;
		};
/* End PBXSourcesBuildPhase section */

/* Begin XCBuildConfiguration section */
		49912E0917A41BA0001199FB /* Debug */ = {
			isa = XCBuildConfiguration;
			buildSettings = {
				ALWAYS_SEARCH_USER_PATHS = NO;
				ARCHS = "$(ARCHS_STANDARD_64_BIT)";
				CLANG_CXX_LANGUAGE_STANDARD = "gnu++0x";
				CLANG_CXX_LIBRARY = "libc++";
				CLANG_WARN_CONSTANT_CONVERSION = YES;
				CLANG_WARN_EMPTY_BODY = YES;
				CLANG_WARN_ENUM_CONVERSION = YES;
				CLANG_WARN_INT_CONVERSION = YES;
				CLANG_WARN__DUPLICATE_METHOD_MATCH = YES;
				COPY_PHASE_STRIP = NO;
				GCC_C_LANGUAGE_STANDARD = gnu99;
				GCC_DYNAMIC_NO_PIC = NO;
				GCC_ENABLE_OBJC_EXCEPTIONS = YES;
				GCC_OPTIMIZATION_LEVEL = 0;
				GCC_PREPROCESSOR_DEFINITIONS = (
					"DEBUG=1",
					"$(inherited)",
				);
				GCC_SYMBOLS_PRIVATE_EXTERN = NO;
				GCC_WARN_64_TO_32_BIT_CONVERSION = YES;
				GCC_WARN_ABOUT_RETURN_TYPE = YES;
				GCC_WARN_UNINITIALIZED_AUTOS = YES;
				GCC_WARN_UNUSED_VARIABLE = YES;
				MACOSX_DEPLOYMENT_TARGET = 10.7;
				ONLY_ACTIVE_ARCH = YES;
				SDKROOT = macosx;
			};
			name = Debug;
		};
		49912E0A17A41BA0001199FB /* Release */ = {
			isa = XCBuildConfiguration;
			buildSettings = {
				ALWAYS_SEARCH_USER_PATHS = NO;
				ARCHS = "$(ARCHS_STANDARD_64_BIT)";
				CLANG_CXX_LANGUAGE_STANDARD = "gnu++0x";
				CLANG_CXX_LIBRARY = "libc++";
				CLANG_WARN_CONSTANT_CONVERSION = YES;
				CLANG_WARN_EMPTY_BODY = YES;
				CLANG_WARN_ENUM_CONVERSION = YES;
				CLANG_WARN_INT_CONVERSION = YES;
				CLANG_WARN__DUPLICATE_METHOD_MATCH = YES;
				COPY_PHASE_STRIP = YES;
				DEBUG_INFORMATION_FORMAT = "dwarf-with-dsym";
				GCC_C_LANGUAGE_STANDARD = gnu99;
				GCC_ENABLE_OBJC_EXCEPTIONS = YES;
				GCC_WARN_64_TO_32_BIT_CONVERSION = YES;
				GCC_WARN_ABOUT_RETURN_TYPE = YES;
				GCC_WARN_UNINITIALIZED_AUTOS = YES;
				GCC_WARN_UNUSED_VARIABLE = YES;
				MACOSX_DEPLOYMENT_TARGET = 10.7;
				SDKROOT = macosx;
			};
			name = Release;
		};
		49912E0C17A41BA0001199FB /* Debug */ = {
			isa = XCBuildConfiguration;
			buildSettings = {
				HEADER_SEARCH_PATHS = (
					../../../include,
					/opt/local/include,
				);
				LIBRARY_SEARCH_PATHS = (
					"$(inherited)",
					"\"$(SRCROOT)/../../../../../../../Library/Developer/Xcode/DerivedData/anax-dpvrmszqammhlagtlwtyorcxsqqf/Build/Products/Debug\"",
				);
				PRODUCT_NAME = "$(TARGET_NAME)";
			};
			name = Debug;
		};
		49912E0D17A41BA0001199FB /* Release */ = {
			isa = XCBuildConfiguration;
			buildSettings = {
				HEADER_SEARCH_PATHS = (
					../../../include,
					/opt/local/include,
				);
				LIBRARY_SEARCH_PATHS = (
					"$(inherited)",
					"\"$(SRCROOT)/../../../../../../../Library/Developer/Xcode/DerivedData/anax-dpvrmszqammhlagtlwtyorcxsqqf/Build/Products/Debug\"",
				);
				PRODUCT_NAME = "$(TARGET_NAME)";
			};
			name = Release;
		};
/* End XCBuildConfiguration section */

/* Begin XCConfigurationList section */
		49912DFD17A41BA0001199FB /* Build configuration list for PBXProject "tests" */ = {
			isa = XCConfigurationList;
			buildConfigurations = (
				49912E0917A41BA0001199FB /* Debug */,
				49912E0A17A41BA0001199FB /* Release */,
			);
			defaultConfigurationIsVisible = 0;
			defaultConfigurationName = Release;
		};
		49912E0B17A41BA0001199FB /* Build configuration list for PBXNativeTarget "tests" */ = {
			isa = XCConfigurationList;
			buildConfigurations = (
				49912E0C17A41BA0001199FB /* Debug */,
				49912E0D17A41BA0001199FB /* Release */,
			);
			defaultConfigurationIsVisible = 0;
			defaultConfigurationName = Release;
		};
/* End XCConfigurationList section */
	};
	rootObject = 49912DFA17A41BA0001199FB /* Project object */;
}
