// !$*UTF8*$!
{
	archiveVersion = 1;
	classes = {
	};
	objectVersion = 46;
	objects = {

/* Begin PBXBuildFile section */
		494BC4B217CCB1D6002EB68A /* AISystem.cpp in Sources */ = {isa = PBXBuildFile; fileRef = 494BC4AE17CCB1D6002EB68A /* AISystem.cpp */; };
		494BC4B317CCB1D6002EB68A /* PlayerControllerSystem.cpp in Sources */ = {isa = PBXBuildFile; fileRef = 494BC4B017CCB1D6002EB68A /* PlayerControllerSystem.cpp */; };
		494DB19717C8FD46001F78A7 /* Pong.1 in CopyFiles */ = {isa = PBXBuildFile; fileRef = 494DB19617C8FD46001F78A7 /* Pong.1 */; };
		494DB1B117C8FD70001F78A7 /* CollisionSystem.cpp in Sources */ = {isa = PBXBuildFile; fileRef = 494DB1AE17C8FD70001F78A7 /* CollisionSystem.cpp */; };
		494DB1B217C8FD70001F78A7 /* MovementSystem.cpp in Sources */ = {isa = PBXBuildFile; fileRef = 494DB1AF17C8FD70001F78A7 /* MovementSystem.cpp */; };
		494DB1B317C8FD70001F78A7 /* SpriteRenderingSystem.cpp in Sources */ = {isa = PBXBuildFile; fileRef = 494DB1B017C8FD70001F78A7 /* SpriteRenderingSystem.cpp */; };
		494DB1BB17C8FF65001F78A7 /* main.cpp in Sources */ = {isa = PBXBuildFile; fileRef = 494DB1B717C8FF65001F78A7 /* main.cpp */; };
		494DB1BC17C8FF65001F78A7 /* PongGame.cpp in Sources */ = {isa = PBXBuildFile; fileRef = 494DB1B817C8FF65001F78A7 /* PongGame.cpp */; };
/* End PBXBuildFile section */

/* Begin PBXCopyFilesBuildPhase section */
		494DB18F17C8FD46001F78A7 /* CopyFiles */ = {
			isa = PBXCopyFilesBuildPhase;
			buildActionMask = 2147483647;
			dstPath = /usr/share/man/man1/;
			dstSubfolderSpec = 0;
			files = (
				494DB19717C8FD46001F78A7 /* Pong.1 in CopyFiles */,
			);
			runOnlyForDeploymentPostprocessing = 1;
		};
/* End PBXCopyFilesBuildPhase section */

/* Begin PBXFileReference section */
		494BC4A617CCB1CD002EB68A /* AIComponent.hpp */ = {isa = PBXFileReference; fileEncoding = 4; lastKnownFileType = sourcecode.cpp.h; path = AIComponent.hpp; sourceTree = "<group>"; };
		494BC4A717CCB1CD002EB68A /* BallComponent.hpp */ = {isa = PBXFileReference; fileEncoding = 4; lastKnownFileType = sourcecode.cpp.h; path = BallComponent.hpp; sourceTree = "<group>"; };
		494BC4A817CCB1CD002EB68A /* PaddleComponent.hpp */ = {isa = PBXFileReference; fileEncoding = 4; lastKnownFileType = sourcecode.cpp.h; path = PaddleComponent.hpp; sourceTree = "<group>"; };
		494BC4A917CCB1CD002EB68A /* PlayerComponent.hpp */ = {isa = PBXFileReference; fileEncoding = 4; lastKnownFileType = sourcecode.cpp.h; path = PlayerComponent.hpp; sourceTree = "<group>"; };
		494BC4AA17CCB1CD002EB68A /* ScoreComponent.hpp */ = {isa = PBXFileReference; fileEncoding = 4; lastKnownFileType = sourcecode.cpp.h; path = ScoreComponent.hpp; sourceTree = "<group>"; };
		494BC4AE17CCB1D6002EB68A /* AISystem.cpp */ = {isa = PBXFileReference; fileEncoding = 4; lastKnownFileType = sourcecode.cpp.cpp; path = AISystem.cpp; sourceTree = "<group>"; };
		494BC4AF17CCB1D6002EB68A /* AISystem.hpp */ = {isa = PBXFileReference; fileEncoding = 4; lastKnownFileType = sourcecode.cpp.h; path = AISystem.hpp; sourceTree = "<group>"; };
		494BC4B017CCB1D6002EB68A /* PlayerControllerSystem.cpp */ = {isa = PBXFileReference; fileEncoding = 4; lastKnownFileType = sourcecode.cpp.cpp; path = PlayerControllerSystem.cpp; sourceTree = "<group>"; };
		494BC4B117CCB1D6002EB68A /* PlayerControllerSystem.hpp */ = {isa = PBXFileReference; fileEncoding = 4; lastKnownFileType = sourcecode.cpp.h; path = PlayerControllerSystem.hpp; sourceTree = "<group>"; };
		494DB19117C8FD46001F78A7 /* Pong */ = {isa = PBXFileReference; explicitFileType = "compiled.mach-o.executable"; includeInIndex = 0; path = Pong; sourceTree = BUILT_PRODUCTS_DIR; };
		494DB19617C8FD46001F78A7 /* Pong.1 */ = {isa = PBXFileReference; lastKnownFileType = text.man; path = Pong.1; sourceTree = "<group>"; };
		494DB1A217C8FD70001F78A7 /* CollisionComponent.hpp */ = {isa = PBXFileReference; fileEncoding = 4; lastKnownFileType = sourcecode.cpp.h; path = CollisionComponent.hpp; sourceTree = "<group>"; };
		494DB1A317C8FD70001F78A7 /* SpriteComponent.hpp */ = {isa = PBXFileReference; fileEncoding = 4; lastKnownFileType = sourcecode.cpp.h; path = SpriteComponent.hpp; sourceTree = "<group>"; };
		494DB1A417C8FD70001F78A7 /* TransformComponent.hpp */ = {isa = PBXFileReference; fileEncoding = 4; lastKnownFileType = sourcecode.cpp.h; path = TransformComponent.hpp; sourceTree = "<group>"; };
		494DB1A517C8FD70001F78A7 /* VelocityComponent.hpp */ = {isa = PBXFileReference; fileEncoding = 4; lastKnownFileType = sourcecode.cpp.h; path = VelocityComponent.hpp; sourceTree = "<group>"; };
		494DB1A617C8FD70001F78A7 /* RunGame.hpp */ = {isa = PBXFileReference; fileEncoding = 4; lastKnownFileType = sourcecode.cpp.h; path = RunGame.hpp; sourceTree = "<group>"; };
		494DB1A817C8FD70001F78A7 /* CollisionSystem.hpp */ = {isa = PBXFileReference; fileEncoding = 4; lastKnownFileType = sourcecode.cpp.h; path = CollisionSystem.hpp; sourceTree = "<group>"; };
		494DB1A917C8FD70001F78A7 /* MovementSystem.hpp */ = {isa = PBXFileReference; fileEncoding = 4; lastKnownFileType = sourcecode.cpp.h; path = MovementSystem.hpp; sourceTree = "<group>"; };
		494DB1AA17C8FD70001F78A7 /* SpriteRenderingSystem.hpp */ = {isa = PBXFileReference; fileEncoding = 4; lastKnownFileType = sourcecode.cpp.h; path = SpriteRenderingSystem.hpp; sourceTree = "<group>"; };
		494DB1AB17C8FD70001F78A7 /* README.md */ = {isa = PBXFileReference; fileEncoding = 4; lastKnownFileType = text; path = README.md; sourceTree = "<group>"; };
		494DB1AE17C8FD70001F78A7 /* CollisionSystem.cpp */ = {isa = PBXFileReference; fileEncoding = 4; lastKnownFileType = sourcecode.cpp.cpp; path = CollisionSystem.cpp; sourceTree = "<group>"; };
		494DB1AF17C8FD70001F78A7 /* MovementSystem.cpp */ = {isa = PBXFileReference; fileEncoding = 4; lastKnownFileType = sourcecode.cpp.cpp; path = MovementSystem.cpp; sourceTree = "<group>"; };
		494DB1B017C8FD70001F78A7 /* SpriteRenderingSystem.cpp */ = {isa = PBXFileReference; fileEncoding = 4; lastKnownFileType = sourcecode.cpp.cpp; path = SpriteRenderingSystem.cpp; sourceTree = "<group>"; };
		494DB1B717C8FF65001F78A7 /* main.cpp */ = {isa = PBXFileReference; fileEncoding = 4; lastKnownFileType = sourcecode.cpp.cpp; path = main.cpp; sourceTree = "<group>"; };
		494DB1B817C8FF65001F78A7 /* PongGame.cpp */ = {isa = PBXFileReference; fileEncoding = 4; lastKnownFileType = sourcecode.cpp.cpp; path = PongGame.cpp; sourceTree = "<group>"; };
		494DB1B917C8FF65001F78A7 /* PongGame.hpp */ = {isa = PBXFileReference; fileEncoding = 4; lastKnownFileType = sourcecode.cpp.h; path = PongGame.hpp; sourceTree = "<group>"; };
/* End PBXFileReference section */

/* Begin PBXFrameworksBuildPhase section */
		494DB18E17C8FD46001F78A7 /* Frameworks */ = {
			isa = PBXFrameworksBuildPhase;
			buildActionMask = 2147483647;
			files = (
			);
			runOnlyForDeploymentPostprocessing = 0;
		};
/* End PBXFrameworksBuildPhase section */

/* Begin PBXGroup section */
		494BC4A517CCB1CD002EB68A /* Components */ = {
			isa = PBXGroup;
			children = (
				494BC4A617CCB1CD002EB68A /* AIComponent.hpp */,
				494BC4A717CCB1CD002EB68A /* BallComponent.hpp */,
				494BC4A817CCB1CD002EB68A /* PaddleComponent.hpp */,
				494BC4A917CCB1CD002EB68A /* PlayerComponent.hpp */,
				494BC4AA17CCB1CD002EB68A /* ScoreComponent.hpp */,
			);
			path = Components;
			sourceTree = "<group>";
		};
		494BC4AB17CCB1D6002EB68A /* Systems */ = {
			isa = PBXGroup;
			children = (
				494BC4AE17CCB1D6002EB68A /* AISystem.cpp */,
				494BC4AF17CCB1D6002EB68A /* AISystem.hpp */,
				494BC4B017CCB1D6002EB68A /* PlayerControllerSystem.cpp */,
				494BC4B117CCB1D6002EB68A /* PlayerControllerSystem.hpp */,
			);
			path = Systems;
			sourceTree = "<group>";
		};
		494DB18817C8FD46001F78A7 = {
			isa = PBXGroup;
			children = (
				494DB19D17C8FD70001F78A7 /* common */,
				494DB19317C8FD46001F78A7 /* Pong */,
				494DB19217C8FD46001F78A7 /* Products */,
			);
			sourceTree = "<group>";
		};
		494DB19217C8FD46001F78A7 /* Products */ = {
			isa = PBXGroup;
			children = (
				494DB19117C8FD46001F78A7 /* Pong */,
			);
			name = Products;
			sourceTree = "<group>";
		};
		494DB19317C8FD46001F78A7 /* Pong */ = {
			isa = PBXGroup;
			children = (
				494DB1B417C8FF65001F78A7 /* src */,
				494DB19617C8FD46001F78A7 /* Pong.1 */,
			);
			path = Pong;
			sourceTree = "<group>";
		};
		494DB19D17C8FD70001F78A7 /* common */ = {
			isa = PBXGroup;
			children = (
				494DB19E17C8FD70001F78A7 /* include */,
				494DB1AB17C8FD70001F78A7 /* README.md */,
				494DB1AC17C8FD70001F78A7 /* src */,
			);
			name = common;
			path = ../../../../common;
			sourceTree = "<group>";
		};
		494DB19E17C8FD70001F78A7 /* include */ = {
			isa = PBXGroup;
			children = (
				494DB1A017C8FD70001F78A7 /* Components */,
				494DB1A617C8FD70001F78A7 /* RunGame.hpp */,
				494DB1A717C8FD70001F78A7 /* Systems */,
			);
			path = include;
			sourceTree = "<group>";
		};
		494DB1A017C8FD70001F78A7 /* Components */ = {
			isa = PBXGroup;
			children = (
				494DB1A217C8FD70001F78A7 /* CollisionComponent.hpp */,
				494DB1A317C8FD70001F78A7 /* SpriteComponent.hpp */,
				494DB1A417C8FD70001F78A7 /* TransformComponent.hpp */,
				494DB1A517C8FD70001F78A7 /* VelocityComponent.hpp */,
			);
			path = Components;
			sourceTree = "<group>";
		};
		494DB1A717C8FD70001F78A7 /* Systems */ = {
			isa = PBXGroup;
			children = (
				494DB1A817C8FD70001F78A7 /* CollisionSystem.hpp */,
				494DB1A917C8FD70001F78A7 /* MovementSystem.hpp */,
				494DB1AA17C8FD70001F78A7 /* SpriteRenderingSystem.hpp */,
			);
			path = Systems;
			sourceTree = "<group>";
		};
		494DB1AC17C8FD70001F78A7 /* src */ = {
			isa = PBXGroup;
			children = (
				494DB1AD17C8FD70001F78A7 /* Systems */,
			);
			path = src;
			sourceTree = "<group>";
		};
		494DB1AD17C8FD70001F78A7 /* Systems */ = {
			isa = PBXGroup;
			children = (
				494DB1AE17C8FD70001F78A7 /* CollisionSystem.cpp */,
				494DB1AF17C8FD70001F78A7 /* MovementSystem.cpp */,
				494DB1B017C8FD70001F78A7 /* SpriteRenderingSystem.cpp */,
			);
			path = Systems;
			sourceTree = "<group>";
		};
		494DB1B417C8FF65001F78A7 /* src */ = {
			isa = PBXGroup;
			children = (
				494BC4AB17CCB1D6002EB68A /* Systems */,
				494BC4A517CCB1CD002EB68A /* Components */,
				494DB1B717C8FF65001F78A7 /* main.cpp */,
				494DB1B817C8FF65001F78A7 /* PongGame.cpp */,
				494DB1B917C8FF65001F78A7 /* PongGame.hpp */,
			);
			name = src;
			path = ../../../../src;
			sourceTree = "<group>";
		};
/* End PBXGroup section */

/* Begin PBXNativeTarget section */
		494DB19017C8FD46001F78A7 /* Pong */ = {
			isa = PBXNativeTarget;
			buildConfigurationList = 494DB19A17C8FD46001F78A7 /* Build configuration list for PBXNativeTarget "Pong" */;
			buildPhases = (
				494DB18D17C8FD46001F78A7 /* Sources */,
				494DB18E17C8FD46001F78A7 /* Frameworks */,
				494DB18F17C8FD46001F78A7 /* CopyFiles */,
			);
			buildRules = (
			);
			dependencies = (
			);
			name = Pong;
			productName = Pong;
			productReference = 494DB19117C8FD46001F78A7 /* Pong */;
			productType = "com.apple.product-type.tool";
		};
/* End PBXNativeTarget section */

/* Begin PBXProject section */
		494DB18917C8FD46001F78A7 /* Project object */ = {
			isa = PBXProject;
			attributes = {
				LastUpgradeCheck = 0460;
				ORGANIZATIONNAME = "Anax Creations";
			};
			buildConfigurationList = 494DB18C17C8FD46001F78A7 /* Build configuration list for PBXProject "Pong" */;
			compatibilityVersion = "Xcode 3.2";
			developmentRegion = English;
			hasScannedForEncodings = 0;
			knownRegions = (
				en,
			);
			mainGroup = 494DB18817C8FD46001F78A7;
			productRefGroup = 494DB19217C8FD46001F78A7 /* Products */;
			projectDirPath = "";
			projectRoot = "";
			targets = (
				494DB19017C8FD46001F78A7 /* Pong */,
			);
		};
/* End PBXProject section */

/* Begin PBXSourcesBuildPhase section */
		494DB18D17C8FD46001F78A7 /* Sources */ = {
			isa = PBXSourcesBuildPhase;
			buildActionMask = 2147483647;
			files = (
				494DB1B117C8FD70001F78A7 /* CollisionSystem.cpp in Sources */,
				494DB1B217C8FD70001F78A7 /* MovementSystem.cpp in Sources */,
				494DB1B317C8FD70001F78A7 /* SpriteRenderingSystem.cpp in Sources */,
				494DB1BB17C8FF65001F78A7 /* main.cpp in Sources */,
				494DB1BC17C8FF65001F78A7 /* PongGame.cpp in Sources */,
				494BC4B217CCB1D6002EB68A /* AISystem.cpp in Sources */,
				494BC4B317CCB1D6002EB68A /* PlayerControllerSystem.cpp in Sources */,
			);
			runOnlyForDeploymentPostprocessing = 0;
		};
/* End PBXSourcesBuildPhase section */

/* Begin XCBuildConfiguration section */
		494DB19817C8FD46001F78A7 /* Debug */ = {
			isa = XCBuildConfiguration;
			buildSettings = {
				ALWAYS_SEARCH_USER_PATHS = NO;
				ARCHS = "$(ARCHS_STANDARD_64_BIT)";
				CLANG_CXX_LANGUAGE_STANDARD = "gnu++0x";
				CLANG_CXX_LIBRARY = "libc++";
				CLANG_WARN_CONSTANT_CONVERSION = YES;
				CLANG_WARN_EMPTY_BODY = YES;
				CLANG_WARN_ENUM_CONVERSION = YES;
				CLANG_WARN_INT_CONVERSION = YES;
				CLANG_WARN__DUPLICATE_METHOD_MATCH = YES;
				COPY_PHASE_STRIP = NO;
				GCC_C_LANGUAGE_STANDARD = gnu99;
				GCC_DYNAMIC_NO_PIC = NO;
				GCC_ENABLE_OBJC_EXCEPTIONS = YES;
				GCC_OPTIMIZATION_LEVEL = 0;
				GCC_PREPROCESSOR_DEFINITIONS = (
					"DEBUG=1",
					"$(inherited)",
				);
				GCC_SYMBOLS_PRIVATE_EXTERN = NO;
				GCC_WARN_64_TO_32_BIT_CONVERSION = YES;
				GCC_WARN_ABOUT_RETURN_TYPE = YES;
				GCC_WARN_UNINITIALIZED_AUTOS = YES;
				GCC_WARN_UNUSED_VARIABLE = YES;
				HEADER_SEARCH_PATHS = (
					../../../../common/include,
					/usr/local/include,
					/opt/local/include,
					../../../src,
				);
				LIBRARY_SEARCH_PATHS = /usr/local/lib;
				MACOSX_DEPLOYMENT_TARGET = 10.7;
				ONLY_ACTIVE_ARCH = YES;
				OTHER_LDFLAGS = (
					"-lsfml-window",
					"-lsfml-system",
					"-lsfml-graphics",
					"-lanax",
				);
				SDKROOT = macosx;
			};
			name = Debug;
		};
		494DB19917C8FD46001F78A7 /* Release */ = {
			isa = XCBuildConfiguration;
			buildSettings = {
				ALWAYS_SEARCH_USER_PATHS = NO;
				ARCHS = "$(ARCHS_STANDARD_64_BIT)";
				CLANG_CXX_LANGUAGE_STANDARD = "gnu++0x";
				CLANG_CXX_LIBRARY = "libc++";
				CLANG_WARN_CONSTANT_CONVERSION = YES;
				CLANG_WARN_EMPTY_BODY = YES;
				CLANG_WARN_ENUM_CONVERSION = YES;
				CLANG_WARN_INT_CONVERSION = YES;
				CLANG_WARN__DUPLICATE_METHOD_MATCH = YES;
				COPY_PHASE_STRIP = YES;
				DEBUG_INFORMATION_FORMAT = "dwarf-with-dsym";
				GCC_C_LANGUAGE_STANDARD = gnu99;
				GCC_ENABLE_OBJC_EXCEPTIONS = YES;
				GCC_WARN_64_TO_32_BIT_CONVERSION = YES;
				GCC_WARN_ABOUT_RETURN_TYPE = YES;
				GCC_WARN_UNINITIALIZED_AUTOS = YES;
				GCC_WARN_UNUSED_VARIABLE = YES;
				HEADER_SEARCH_PATHS = (
					../../../../common/include,
					/usr/local/include,
					/opt/local/include,
					../../../src,
				);
				LIBRARY_SEARCH_PATHS = /usr/local/lib;
				MACOSX_DEPLOYMENT_TARGET = 10.7;
				OTHER_LDFLAGS = (
					"-lsfml-window",
					"-lsfml-system",
					"-lsfml-graphics",
					"-lanax",
				);
				SDKROOT = macosx;
			};
			name = Release;
		};
		494DB19B17C8FD46001F78A7 /* Debug */ = {
			isa = XCBuildConfiguration;
			buildSettings = {
				PRODUCT_NAME = "$(TARGET_NAME)";
			};
			name = Debug;
		};
		494DB19C17C8FD46001F78A7 /* Release */ = {
			isa = XCBuildConfiguration;
			buildSettings = {
				PRODUCT_NAME = "$(TARGET_NAME)";
			};
			name = Release;
		};
/* End XCBuildConfiguration section */

/* Begin XCConfigurationList section */
		494DB18C17C8FD46001F78A7 /* Build configuration list for PBXProject "Pong" */ = {
			isa = XCConfigurationList;
			buildConfigurations = (
				494DB19817C8FD46001F78A7 /* Debug */,
				494DB19917C8FD46001F78A7 /* Release */,
			);
			defaultConfigurationIsVisible = 0;
			defaultConfigurationName = Release;
		};
		494DB19A17C8FD46001F78A7 /* Build configuration list for PBXNativeTarget "Pong" */ = {
			isa = XCConfigurationList;
			buildConfigurations = (
				494DB19B17C8FD46001F78A7 /* Debug */,
				494DB19C17C8FD46001F78A7 /* Release */,
			);
			defaultConfigurationIsVisible = 0;
			defaultConfigurationName = Release;
		};
/* End XCConfigurationList section */
	};
	rootObject = 494DB18917C8FD46001F78A7 /* Project object */;
}
