// !$*UTF8*$!
{
	archiveVersion = 1;
	classes = {
	};
	objectVersion = 46;
	objects = {

/* Begin PBXBuildFile section */
		4964E18117914A560013785A /* anax.h in Headers */ = {isa = PBXBuildFile; fileRef = 4964E16F17914A560013785A /* anax.h */; };
		4964E18317914A560013785A /* Component.h in Headers */ = {isa = PBXBuildFile; fileRef = 4964E17117914A560013785A /* Component.h */; };
		4964E18517914A560013785A /* ComponentFilter.h in Headers */ = {isa = PBXBuildFile; fileRef = 4964E17317914A560013785A /* ComponentFilter.h */; };
		4964E18617914A560013785A /* config.h in Headers */ = {isa = PBXBuildFile; fileRef = 4964E17417914A560013785A /* config.h */; };
		4964E18817914A560013785A /* Entity.h in Headers */ = {isa = PBXBuildFile; fileRef = 4964E17717914A560013785A /* Entity.h */; };
		4964E18A17914A560013785A /* System.h in Headers */ = {isa = PBXBuildFile; fileRef = 4964E17917914A560013785A /* System.h */; };
		4964E18B17914A560013785A /* types.h in Headers */ = {isa = PBXBuildFile; fileRef = 4964E17A17914A560013785A /* types.h */; };
		4964E18C17914A560013785A /* DynamicArrayUtils.h in Headers */ = {isa = PBXBuildFile; fileRef = 4964E17C17914A560013785A /* DynamicArrayUtils.h */; };
		4964E18E17914A560013785A /* World.h in Headers */ = {isa = PBXBuildFile; fileRef = 4964E17E17914A560013785A /* World.h */; };
		4964E19417914F260013785A /* Component.cpp in Sources */ = {isa = PBXBuildFile; fileRef = 4964E18F17914F260013785A /* Component.cpp */; };
		4964E19517914F260013785A /* ComponentFilter.cpp in Sources */ = {isa = PBXBuildFile; fileRef = 4964E19017914F260013785A /* ComponentFilter.cpp */; };
		4964E19617914F260013785A /* Entity.cpp in Sources */ = {isa = PBXBuildFile; fileRef = 4964E19117914F260013785A /* Entity.cpp */; };
		4964E19717914F260013785A /* System.cpp in Sources */ = {isa = PBXBuildFile; fileRef = 4964E19217914F260013785A /* System.cpp */; };
		4964E19817914F260013785A /* World.cpp in Sources */ = {isa = PBXBuildFile; fileRef = 4964E19317914F260013785A /* World.cpp */; };
/* End PBXBuildFile section */

/* Begin PBXFileReference section */
		4964E16F17914A560013785A /* anax.h */ = {isa = PBXFileReference; fileEncoding = 4; lastKnownFileType = sourcecode.c.h; path = anax.h; sourceTree = "<group>"; };
		4964E17117914A560013785A /* Component.h */ = {isa = PBXFileReference; fileEncoding = 4; lastKnownFileType = sourcecode.c.h; path = Component.h; sourceTree = "<group>"; };
		4964E17317914A560013785A /* ComponentFilter.h */ = {isa = PBXFileReference; fileEncoding = 4; lastKnownFileType = sourcecode.c.h; path = ComponentFilter.h; sourceTree = "<group>"; };
		4964E17417914A560013785A /* config.h */ = {isa = PBXFileReference; fileEncoding = 4; lastKnownFileType = sourcecode.c.h; path = config.h; sourceTree = "<group>"; };
		4964E17717914A560013785A /* Entity.h */ = {isa = PBXFileReference; fileEncoding = 4; lastKnownFileType = sourcecode.c.h; path = Entity.h; sourceTree = "<group>"; };
		4964E17917914A560013785A /* System.h */ = {isa = PBXFileReference; fileEncoding = 4; lastKnownFileType = sourcecode.c.h; path = System.h; sourceTree = "<group>"; };
		4964E17A17914A560013785A /* types.h */ = {isa = PBXFileReference; fileEncoding = 4; lastKnownFileType = sourcecode.c.h; path = types.h; sourceTree = "<group>"; };
		4964E17C17914A560013785A /* DynamicArrayUtils.h */ = {isa = PBXFileReference; fileEncoding = 4; lastKnownFileType = sourcecode.c.h; path = DynamicArrayUtils.h; sourceTree = "<group>"; };
		4964E17E17914A560013785A /* World.h */ = {isa = PBXFileReference; fileEncoding = 4; lastKnownFileType = sourcecode.c.h; path = World.h; sourceTree = "<group>"; };
		4964E18F17914F260013785A /* Component.cpp */ = {isa = PBXFileReference; fileEncoding = 4; lastKnownFileType = sourcecode.cpp.cpp; name = Component.cpp; path = anax/Component.cpp; sourceTree = "<group>"; };
		4964E19017914F260013785A /* ComponentFilter.cpp */ = {isa = PBXFileReference; fileEncoding = 4; lastKnownFileType = sourcecode.cpp.cpp; name = ComponentFilter.cpp; path = anax/ComponentFilter.cpp; sourceTree = "<group>"; };
		4964E19117914F260013785A /* Entity.cpp */ = {isa = PBXFileReference; fileEncoding = 4; lastKnownFileType = sourcecode.cpp.cpp; name = Entity.cpp; path = anax/Entity.cpp; sourceTree = "<group>"; };
		4964E19217914F260013785A /* System.cpp */ = {isa = PBXFileReference; fileEncoding = 4; lastKnownFileType = sourcecode.cpp.cpp; name = System.cpp; path = anax/System.cpp; sourceTree = "<group>"; };
		4964E19317914F260013785A /* World.cpp */ = {isa = PBXFileReference; fileEncoding = 4; lastKnownFileType = sourcecode.cpp.cpp; name = World.cpp; path = anax/World.cpp; sourceTree = "<group>"; };
		49D179D116FDCD390028C9E0 /* libanax.a */ = {isa = PBXFileReference; explicitFileType = archive.ar; includeInIndex = 0; path = libanax.a; sourceTree = BUILT_PRODUCTS_DIR; };
/* End PBXFileReference section */

/* Begin PBXFrameworksBuildPhase section */
		49D179CE16FDCD390028C9E0 /* Frameworks */ = {
			isa = PBXFrameworksBuildPhase;
			buildActionMask = 2147483647;
			files = (
			);
			runOnlyForDeploymentPostprocessing = 0;
		};
/* End PBXFrameworksBuildPhase section */

/* Begin PBXGroup section */
		4964E16D17914A560013785A /* include */ = {
			isa = PBXGroup;
			children = (
				4964E16E17914A560013785A /* anax */,
			);
			name = include;
			path = ../../include;
			sourceTree = "<group>";
		};
		4964E16E17914A560013785A /* anax */ = {
			isa = PBXGroup;
			children = (
				4964E16F17914A560013785A /* anax.h */,
				4964E17117914A560013785A /* Component.h */,
				4964E17317914A560013785A /* ComponentFilter.h */,
				4964E17417914A560013785A /* config.h */,
				4964E17517914A560013785A /* detail */,
				4964E17717914A560013785A /* Entity.h */,
				4964E17917914A560013785A /* System.h */,
				4964E17A17914A560013785A /* types.h */,
				4964E17B17914A560013785A /* util */,
				4964E17E17914A560013785A /* World.h */,
			);
			path = anax;
			sourceTree = "<group>";
		};
		4964E17517914A560013785A /* detail */ = {
			isa = PBXGroup;
			children = (
			);
			path = detail;
			sourceTree = "<group>";
		};
		4964E17B17914A560013785A /* util */ = {
			isa = PBXGroup;
			children = (
				4964E17C17914A560013785A /* DynamicArrayUtils.h */,
			);
			path = util;
			sourceTree = "<group>";
		};
		4964E17F17914A560013785A /* src */ = {
			isa = PBXGroup;
			children = (
				4964E18F17914F260013785A /* Component.cpp */,
				4964E19017914F260013785A /* ComponentFilter.cpp */,
				4964E19117914F260013785A /* Entity.cpp */,
				4964E19217914F260013785A /* System.cpp */,
				4964E19317914F260013785A /* World.cpp */,
				4964E18017914A560013785A /* anax */,
			);
			name = src;
			path = ../../src;
			sourceTree = "<group>";
		};
		4964E18017914A560013785A /* anax */ = {
			isa = PBXGroup;
			children = (
			);
			path = anax;
			sourceTree = "<group>";
		};
		49D179C816FDCD390028C9E0 = {
			isa = PBXGroup;
			children = (
				4964E16D17914A560013785A /* include */,
				4964E17F17914A560013785A /* src */,
				49D179D216FDCD390028C9E0 /* Products */,
			);
			sourceTree = "<group>";
		};
		49D179D216FDCD390028C9E0 /* Products */ = {
			isa = PBXGroup;
			children = (
				49D179D116FDCD390028C9E0 /* libanax.a */,
			);
			name = Products;
			sourceTree = "<group>";
		};
/* End PBXGroup section */

/* Begin PBXHeadersBuildPhase section */
		49D179CF16FDCD390028C9E0 /* Headers */ = {
			isa = PBXHeadersBuildPhase;
			buildActionMask = 2147483647;
			files = (
				4964E18117914A560013785A /* anax.h in Headers */,
				4964E18317914A560013785A /* Component.h in Headers */,
				4964E18517914A560013785A /* ComponentFilter.h in Headers */,
				4964E18617914A560013785A /* config.h in Headers */,
				4964E18817914A560013785A /* Entity.h in Headers */,
				4964E18A17914A560013785A /* System.h in Headers */,
				4964E18B17914A560013785A /* types.h in Headers */,
				4964E18C17914A560013785A /* DynamicArrayUtils.h in Headers */,
				4964E18E17914A560013785A /* World.h in Headers */,
			);
			runOnlyForDeploymentPostprocessing = 0;
		};
/* End PBXHeadersBuildPhase section */

/* Begin PBXNativeTarget section */
		49D179D016FDCD390028C9E0 /* anax */ = {
			isa = PBXNativeTarget;
			buildConfigurationList = 49D179D516FDCD390028C9E0 /* Build configuration list for PBXNativeTarget "anax" */;
			buildPhases = (
				49D179CD16FDCD390028C9E0 /* Sources */,
				49D179CE16FDCD390028C9E0 /* Frameworks */,
				49D179CF16FDCD390028C9E0 /* Headers */,
			);
			buildRules = (
			);
			dependencies = (
			);
			name = anax;
			productName = anax;
			productReference = 49D179D116FDCD390028C9E0 /* libanax.a */;
			productType = "com.apple.product-type.library.static";
		};
/* End PBXNativeTarget section */

/* Begin PBXProject section */
		49D179C916FDCD390028C9E0 /* Project object */ = {
			isa = PBXProject;
			attributes = {
				LastUpgradeCheck = 0460;
				ORGANIZATIONNAME = "Anax Creations";
			};
			buildConfigurationList = 49D179CC16FDCD390028C9E0 /* Build configuration list for PBXProject "anax" */;
			compatibilityVersion = "Xcode 3.2";
			developmentRegion = English;
			hasScannedForEncodings = 0;
			knownRegions = (
				en,
			);
			mainGroup = 49D179C816FDCD390028C9E0;
			productRefGroup = 49D179D216FDCD390028C9E0 /* Products */;
			projectDirPath = "";
			projectRoot = "";
			targets = (
				49D179D016FDCD390028C9E0 /* anax */,
			);
		};
/* End PBXProject section */

/* Begin PBXSourcesBuildPhase section */
		49D179CD16FDCD390028C9E0 /* Sources */ = {
			isa = PBXSourcesBuildPhase;
			buildActionMask = 2147483647;
			files = (
				4964E19417914F260013785A /* Component.cpp in Sources */,
				4964E19517914F260013785A /* ComponentFilter.cpp in Sources */,
				4964E19617914F260013785A /* Entity.cpp in Sources */,
				4964E19717914F260013785A /* System.cpp in Sources */,
				4964E19817914F260013785A /* World.cpp in Sources */,
			);
			runOnlyForDeploymentPostprocessing = 0;
		};
/* End PBXSourcesBuildPhase section */

/* Begin XCBuildConfiguration section */
		49D179D316FDCD390028C9E0 /* Debug */ = {
			isa = XCBuildConfiguration;
			buildSettings = {
				ALWAYS_SEARCH_USER_PATHS = NO;
				ARCHS = "$(ARCHS_STANDARD_64_BIT)";
				CLANG_CXX_LANGUAGE_STANDARD = "gnu++0x";
				CLANG_CXX_LIBRARY = "libc++";
				CLANG_WARN_CONSTANT_CONVERSION = YES;
				CLANG_WARN_EMPTY_BODY = YES;
				CLANG_WARN_ENUM_CONVERSION = YES;
				CLANG_WARN_INT_CONVERSION = YES;
				CLANG_WARN__DUPLICATE_METHOD_MATCH = YES;
				COPY_PHASE_STRIP = NO;
				GCC_C_LANGUAGE_STANDARD = gnu99;
				GCC_DYNAMIC_NO_PIC = NO;
				GCC_ENABLE_OBJC_EXCEPTIONS = YES;
				GCC_OPTIMIZATION_LEVEL = 0;
				GCC_PREPROCESSOR_DEFINITIONS = (
					"DEBUG=1",
					"$(inherited)",
				);
				GCC_SYMBOLS_PRIVATE_EXTERN = NO;
				GCC_WARN_64_TO_32_BIT_CONVERSION = YES;
				GCC_WARN_ABOUT_RETURN_TYPE = YES;
				GCC_WARN_UNINITIALIZED_AUTOS = YES;
				GCC_WARN_UNUSED_VARIABLE = YES;
				MACOSX_DEPLOYMENT_TARGET = 10.7;
				ONLY_ACTIVE_ARCH = YES;
				SDKROOT = macosx;
			};
			name = Debug;
		};
		49D179D416FDCD390028C9E0 /* Release */ = {
			isa = XCBuildConfiguration;
			buildSettings = {
				ALWAYS_SEARCH_USER_PATHS = NO;
				ARCHS = "$(ARCHS_STANDARD_64_BIT)";
				CLANG_CXX_LANGUAGE_STANDARD = "gnu++0x";
				CLANG_CXX_LIBRARY = "libc++";
				CLANG_WARN_CONSTANT_CONVERSION = YES;
				CLANG_WARN_EMPTY_BODY = YES;
				CLANG_WARN_ENUM_CONVERSION = YES;
				CLANG_WARN_INT_CONVERSION = YES;
				CLANG_WARN__DUPLICATE_METHOD_MATCH = YES;
				COPY_PHASE_STRIP = YES;
				DEBUG_INFORMATION_FORMAT = "dwarf-with-dsym";
				GCC_C_LANGUAGE_STANDARD = gnu99;
				GCC_ENABLE_OBJC_EXCEPTIONS = YES;
				GCC_WARN_64_TO_32_BIT_CONVERSION = YES;
				GCC_WARN_ABOUT_RETURN_TYPE = YES;
				GCC_WARN_UNINITIALIZED_AUTOS = YES;
				GCC_WARN_UNUSED_VARIABLE = YES;
				MACOSX_DEPLOYMENT_TARGET = 10.7;
				SDKROOT = macosx;
			};
			name = Release;
		};
		49D179D616FDCD390028C9E0 /* Debug */ = {
			isa = XCBuildConfiguration;
			buildSettings = {
				EXECUTABLE_PREFIX = lib;
				HEADER_SEARCH_PATHS = (
					"$(INCLUDE_DIR)",
					/opt/local/include,
				);
				INCLUDE_DIR = ../../../include;
				PRODUCT_NAME = "$(TARGET_NAME)";
			};
			name = Debug;
		};
		49D179D716FDCD390028C9E0 /* Release */ = {
			isa = XCBuildConfiguration;
			buildSettings = {
				EXECUTABLE_PREFIX = lib;
				HEADER_SEARCH_PATHS = (
					"$(INCLUDE_DIR)",
					/opt/local/include,
				);
				INCLUDE_DIR = ../../../include;
				PRODUCT_NAME = "$(TARGET_NAME)";
			};
			name = Release;
		};
/* End XCBuildConfiguration section */

/* Begin XCConfigurationList section */
		49D179CC16FDCD390028C9E0 /* Build configuration list for PBXProject "anax" */ = {
			isa = XCConfigurationList;
			buildConfigurations = (
				49D179D316FDCD390028C9E0 /* Debug */,
				49D179D416FDCD390028C9E0 /* Release */,
			);
			defaultConfigurationIsVisible = 0;
			defaultConfigurationName = Release;
		};
		49D179D516FDCD390028C9E0 /* Build configuration list for PBXNativeTarget "anax" */ = {
			isa = XCConfigurationList;
			buildConfigurations = (
				49D179D616FDCD390028C9E0 /* Debug */,
				49D179D716FDCD390028C9E0 /* Release */,
			);
			defaultConfigurationIsVisible = 0;
			defaultConfigurationName = Release;
		};
/* End XCConfigurationList section */
	};
	rootObject = 49D179C916FDCD390028C9E0 /* Project object */;
}
