// !$*UTF8*$!
{
	archiveVersion = 1;
	classes = {
	};
	objectVersion = 46;
	objects = {

/* Begin PBXBuildFile section */
		4985AA2717FC1FF50096DAC9 /* main.cpp in Sources */ = {isa = PBXBuildFile; fileRef = 4985AA2617FC1FF50096DAC9 /* main.cpp */; };
		4985AA2917FC1FF50096DAC9 /* Example1.1 in CopyFiles */ = {isa = PBXBuildFile; fileRef = 4985AA2817FC1FF50096DAC9 /* Example1.1 */; };
/* End PBXBuildFile section */

/* Begin PBXCopyFilesBuildPhase section */
		4985AA2117FC1FF50096DAC9 /* CopyFiles */ = {
			isa = PBXCopyFilesBuildPhase;
			buildActionMask = 2147483647;
			dstPath = /usr/share/man/man1/;
			dstSubfolderSpec = 0;
			files = (
				4985AA2917FC1FF50096DAC9 /* Example1.1 in CopyFiles */,
			);
			runOnlyForDeploymentPostprocessing = 1;
		};
/* End PBXCopyFilesBuildPhase section */

/* Begin PBXFileReference section */
		4985AA2317FC1FF50096DAC9 /* Example1 */ = {isa = PBXFileReference; explicitFileType = "compiled.mach-o.executable"; includeInIndex = 0; path = Example1; sourceTree = BUILT_PRODUCTS_DIR; };
		4985AA2617FC1FF50096DAC9 /* main.cpp */ = {isa = PBXFileReference; lastKnownFileType = sourcecode.cpp.cpp; path = main.cpp; sourceTree = "<group>"; };
		4985AA2817FC1FF50096DAC9 /* Example1.1 */ = {isa = PBXFileReference; lastKnownFileType = text.man; path = Example1.1; sourceTree = "<group>"; };
/* End PBXFileReference section */

/* Begin PBXFrameworksBuildPhase section */
		4985AA2017FC1FF50096DAC9 /* Frameworks */ = {
			isa = PBXFrameworksBuildPhase;
			buildActionMask = 2147483647;
			files = (
			);
			runOnlyForDeploymentPostprocessing = 0;
		};
/* End PBXFrameworksBuildPhase section */

/* Begin PBXGroup section */
		4985AA1A17FC1FF50096DAC9 = {
			isa = PBXGroup;
			children = (
				4985AA2517FC1FF50096DAC9 /* Example1 */,
				4985AA2417FC1FF50096DAC9 /* Products */,
			);
			sourceTree = "<group>";
		};
		4985AA2417FC1FF50096DAC9 /* Products */ = {
			isa = PBXGroup;
			children = (
				4985AA2317FC1FF50096DAC9 /* Example1 */,
			);
			name = Products;
			sourceTree = "<group>";
		};
		4985AA2517FC1FF50096DAC9 /* Example1 */ = {
			isa = PBXGroup;
			children = (
				4985AA2617FC1FF50096DAC9 /* main.cpp */,
				4985AA2817FC1FF50096DAC9 /* Example1.1 */,
			);
			path = Example1;
			sourceTree = "<group>";
		};
/* End PBXGroup section */

/* Begin PBXNativeTarget section */
		4985AA2217FC1FF50096DAC9 /* Example1 */ = {
			isa = PBXNativeTarget;
			buildConfigurationList = 4985AA2C17FC1FF50096DAC9 /* Build configuration list for PBXNativeTarget "Example1" */;
			buildPhases = (
				4985AA1F17FC1FF50096DAC9 /* Sources */,
				4985AA2017FC1FF50096DAC9 /* Frameworks */,
				4985AA2117FC1FF50096DAC9 /* CopyFiles */,
			);
			buildRules = (
			);
			dependencies = (
			);
			name = Example1;
			productName = Example1;
			productReference = 4985AA2317FC1FF50096DAC9 /* Example1 */;
			productType = "com.apple.product-type.tool";
		};
/* End PBXNativeTarget section */

/* Begin PBXProject section */
		4985AA1B17FC1FF50096DAC9 /* Project object */ = {
			isa = PBXProject;
			attributes = {
				LastUpgradeCheck = 0460;
				ORGANIZATIONNAME = "Anax Creations";
			};
			buildConfigurationList = 4985AA1E17FC1FF50096DAC9 /* Build configuration list for PBXProject "Example1" */;
			compatibilityVersion = "Xcode 3.2";
			developmentRegion = English;
			hasScannedForEncodings = 0;
			knownRegions = (
				en,
			);
			mainGroup = 4985AA1A17FC1FF50096DAC9;
			productRefGroup = 4985AA2417FC1FF50096DAC9 /* Products */;
			projectDirPath = "";
			projectRoot = "";
			targets = (
				4985AA2217FC1FF50096DAC9 /* Example1 */,
			);
		};
/* End PBXProject section */

/* Begin PBXSourcesBuildPhase section */
		4985AA1F17FC1FF50096DAC9 /* Sources */ = {
			isa = PBXSourcesBuildPhase;
			buildActionMask = 2147483647;
			files = (
				4985AA2717FC1FF50096DAC9 /* main.cpp in Sources */,
			);
			runOnlyForDeploymentPostprocessing = 0;
		};
/* End PBXSourcesBuildPhase section */

/* Begin XCBuildConfiguration section */
		4985AA2A17FC1FF50096DAC9 /* Debug */ = {
			isa = XCBuildConfiguration;
			buildSettings = {
				ALWAYS_SEARCH_USER_PATHS = NO;
				ARCHS = "$(ARCHS_STANDARD_64_BIT)";
				CLANG_CXX_LANGUAGE_STANDARD = "gnu++0x";
				CLANG_CXX_LIBRARY = "libc++";
				CLANG_WARN_CONSTANT_CONVERSION = YES;
				CLANG_WARN_EMPTY_BODY = YES;
				CLANG_WARN_ENUM_CONVERSION = YES;
				CLANG_WARN_INT_CONVERSION = YES;
				CLANG_WARN__DUPLICATE_METHOD_MATCH = YES;
				COPY_PHASE_STRIP = NO;
				GCC_C_LANGUAGE_STANDARD = gnu99;
				GCC_DYNAMIC_NO_PIC = NO;
				GCC_ENABLE_OBJC_EXCEPTIONS = YES;
				GCC_OPTIMIZATION_LEVEL = 0;
				GCC_PREPROCESSOR_DEFINITIONS = (
					"DEBUG=1",
					"$(inherited)",
				);
				GCC_SYMBOLS_PRIVATE_EXTERN = NO;
				GCC_WARN_64_TO_32_BIT_CONVERSION = YES;
				GCC_WARN_ABOUT_RETURN_TYPE = YES;
				GCC_WARN_UNINITIALIZED_AUTOS = YES;
				GCC_WARN_UNUSED_VARIABLE = YES;
				MACOSX_DEPLOYMENT_TARGET = 10.7;
				ONLY_ACTIVE_ARCH = YES;
				SDKROOT = macosx;
			};
			name = Debug;
		};
		4985AA2B17FC1FF50096DAC9 /* Release */ = {
			isa = XCBuildConfiguration;
			buildSettings = {
				ALWAYS_SEARCH_USER_PATHS = NO;
				ARCHS = "$(ARCHS_STANDARD_64_BIT)";
				CLANG_CXX_LANGUAGE_STANDARD = "gnu++0x";
				CLANG_CXX_LIBRARY = "libc++";
				CLANG_WARN_CONSTANT_CONVERSION = YES;
				CLANG_WARN_EMPTY_BODY = YES;
				CLANG_WARN_ENUM_CONVERSION = YES;
				CLANG_WARN_INT_CONVERSION = YES;
				CLANG_WARN__DUPLICATE_METHOD_MATCH = YES;
				COPY_PHASE_STRIP = YES;
				DEBUG_INFORMATION_FORMAT = "dwarf-with-dsym";
				GCC_C_LANGUAGE_STANDARD = gnu99;
				GCC_ENABLE_OBJC_EXCEPTIONS = YES;
				GCC_WARN_64_TO_32_BIT_CONVERSION = YES;
				GCC_WARN_ABOUT_RETURN_TYPE = YES;
				GCC_WARN_UNINITIALIZED_AUTOS = YES;
				GCC_WARN_UNUSED_VARIABLE = YES;
				MACOSX_DEPLOYMENT_TARGET = 10.7;
				SDKROOT = macosx;
			};
			name = Release;
		};
		4985AA2D17FC1FF50096DAC9 /* Debug */ = {
			isa = XCBuildConfiguration;
			buildSettings = {
				PRODUCT_NAME = "$(TARGET_NAME)";
			};
			name = Debug;
		};
		4985AA2E17FC1FF50096DAC9 /* Release */ = {
			isa = XCBuildConfiguration;
			buildSettings = {
				PRODUCT_NAME = "$(TARGET_NAME)";
			};
			name = Release;
		};
/* End XCBuildConfiguration section */

/* Begin XCConfigurationList section */
		4985AA1E17FC1FF50096DAC9 /* Build configuration list for PBXProject "Example1" */ = {
			isa = XCConfigurationList;
			buildConfigurations = (
				4985AA2A17FC1FF50096DAC9 /* Debug */,
				4985AA2B17FC1FF50096DAC9 /* Release */,
			);
			defaultConfigurationIsVisible = 0;
			defaultConfigurationName = Release;
		};
		4985AA2C17FC1FF50096DAC9 /* Build configuration list for PBXNativeTarget "Example1" */ = {
			isa = XCConfigurationList;
			buildConfigurations = (
				4985AA2D17FC1FF50096DAC9 /* Debug */,
				4985AA2E17FC1FF50096DAC9 /* Release */,
			);
			defaultConfigurationIsVisible = 0;
		};
/* End XCConfigurationList section */
	};
	rootObject = 4985AA1B17FC1FF50096DAC9 /* Project object */;
}
